// !$*UTF8*$!
{
	archiveVersion = 1;
	classes = {
	};
	objectVersion = 50;
	objects = {

/* Begin PBXBuildFile section */
		9B21FD4E241051C8006F7AED /* AppDelegate.swift in Sources */ = {isa = PBXBuildFile; fileRef = 9B21FD4D241051C8006F7AED /* AppDelegate.swift */; };
		9B21FD50241051C8006F7AED /* SceneDelegate.swift in Sources */ = {isa = PBXBuildFile; fileRef = 9B21FD4F241051C8006F7AED /* SceneDelegate.swift */; };
		9B21FD52241051C8006F7AED /* LoginViewController.swift in Sources */ = {isa = PBXBuildFile; fileRef = 9B21FD51241051C8006F7AED /* LoginViewController.swift */; };
		9B21FD55241051C8006F7AED /* Main.storyboard in Resources */ = {isa = PBXBuildFile; fileRef = 9B21FD53241051C8006F7AED /* Main.storyboard */; };
		9B21FD57241051CA006F7AED /* Assets.xcassets in Resources */ = {isa = PBXBuildFile; fileRef = 9B21FD56241051CA006F7AED /* Assets.xcassets */; };
		9B21FD5A241051CA006F7AED /* LaunchScreen.storyboard in Resources */ = {isa = PBXBuildFile; fileRef = 9B21FD58241051CA006F7AED /* LaunchScreen.storyboard */; };
		9B21FD65241051CA006F7AED /* C0769778_MidTerm_MAD3115W2020Tests.swift in Sources */ = {isa = PBXBuildFile; fileRef = 9B21FD64241051CA006F7AED /* C0769778_MidTerm_MAD3115W2020Tests.swift */; };
		9B21FD70241051CA006F7AED /* C0769778_MidTerm_MAD3115W2020UITests.swift in Sources */ = {isa = PBXBuildFile; fileRef = 9B21FD6F241051CA006F7AED /* C0769778_MidTerm_MAD3115W2020UITests.swift */; };
		9B21FD8524105F3B006F7AED /* CustomerListTableViewController.swift in Sources */ = {isa = PBXBuildFile; fileRef = 9B21FD8424105F3B006F7AED /* CustomerListTableViewController.swift */; };
		9B5B5B312414670800D568E6 /* Extension+Date.swift in Sources */ = {isa = PBXBuildFile; fileRef = 9B5B5B302414670800D568E6 /* Extension+Date.swift */; };
		9B79A2032416D788002FB908 /* ShowBillDetailsViewController.swift in Sources */ = {isa = PBXBuildFile; fileRef = 9B79A2022416D788002FB908 /* ShowBillDetailsViewController.swift */; };
		9B880BA82412EDF900715485 /* Exceptions.swift in Sources */ = {isa = PBXBuildFile; fileRef = 9B880BA72412EDF900715485 /* Exceptions.swift */; };
		9B880BD4241328C900715485 /* DetailedCustomerViewController.swift in Sources */ = {isa = PBXBuildFile; fileRef = 9B880BD3241328C900715485 /* DetailedCustomerViewController.swift */; };
		9BBE15B224119E12003ECD32 /* Customer.swift in Sources */ = {isa = PBXBuildFile; fileRef = 9BBE15B124119E12003ECD32 /* Customer.swift */; };
		9BBE15B424119F5E003ECD32 /* DataRepository.swift in Sources */ = {isa = PBXBuildFile; fileRef = 9BBE15B324119F5E003ECD32 /* DataRepository.swift */; };
		9BBE15B72411B04B003ECD32 /* AddNewCustomerViewController.swift in Sources */ = {isa = PBXBuildFile; fileRef = 9BBE15B62411B04B003ECD32 /* AddNewCustomerViewController.swift */; };
		9BCF67532414562F00886E59 /* Bill.swift in Sources */ = {isa = PBXBuildFile; fileRef = 9BCF67522414562F00886E59 /* Bill.swift */; };
		9BCF6755241456BE00886E59 /* Mobile.swift in Sources */ = {isa = PBXBuildFile; fileRef = 9BCF6754241456BE00886E59 /* Mobile.swift */; };
		9BCF67572414589E00886E59 /* Hydro.swift in Sources */ = {isa = PBXBuildFile; fileRef = 9BCF67562414589E00886E59 /* Hydro.swift */; };
		9BCF6759241458FE00886E59 /* Internet.swift in Sources */ = {isa = PBXBuildFile; fileRef = 9BCF6758241458FE00886E59 /* Internet.swift */; };
		9BE2A7D1241716BE0083D83F /* Extension+UITextField.swift in Sources */ = {isa = PBXBuildFile; fileRef = 9BE2A7D0241716BE0083D83F /* Extension+UITextField.swift */; };
/* End PBXBuildFile section */

/* Begin PBXContainerItemProxy section */
		9B21FD61241051CA006F7AED /* PBXContainerItemProxy */ = {
			isa = PBXContainerItemProxy;
			containerPortal = 9B21FD42241051C8006F7AED /* Project object */;
			proxyType = 1;
			remoteGlobalIDString = 9B21FD49241051C8006F7AED;
			remoteInfo = C0769778_MidTerm_MAD3115W2020;
		};
		9B21FD6C241051CA006F7AED /* PBXContainerItemProxy */ = {
			isa = PBXContainerItemProxy;
			containerPortal = 9B21FD42241051C8006F7AED /* Project object */;
			proxyType = 1;
			remoteGlobalIDString = 9B21FD49241051C8006F7AED;
			remoteInfo = C0769778_MidTerm_MAD3115W2020;
		};
/* End PBXContainerItemProxy section */

/* Begin PBXFileReference section */
		9B21FD4A241051C8006F7AED /* C0769778_MidTerm_MAD3115W2020.app */ = {isa = PBXFileReference; explicitFileType = wrapper.application; includeInIndex = 0; path = C0769778_MidTerm_MAD3115W2020.app; sourceTree = BUILT_PRODUCTS_DIR; };
		9B21FD4D241051C8006F7AED /* AppDelegate.swift */ = {isa = PBXFileReference; lastKnownFileType = sourcecode.swift; path = AppDelegate.swift; sourceTree = "<group>"; };
		9B21FD4F241051C8006F7AED /* SceneDelegate.swift */ = {isa = PBXFileReference; lastKnownFileType = sourcecode.swift; path = SceneDelegate.swift; sourceTree = "<group>"; };
		9B21FD51241051C8006F7AED /* LoginViewController.swift */ = {isa = PBXFileReference; lastKnownFileType = sourcecode.swift; path = LoginViewController.swift; sourceTree = "<group>"; };
		9B21FD54241051C8006F7AED /* Base */ = {isa = PBXFileReference; lastKnownFileType = file.storyboard; name = Base; path = Base.lproj/Main.storyboard; sourceTree = "<group>"; };
		9B21FD56241051CA006F7AED /* Assets.xcassets */ = {isa = PBXFileReference; lastKnownFileType = folder.assetcatalog; path = Assets.xcassets; sourceTree = "<group>"; };
		9B21FD59241051CA006F7AED /* Base */ = {isa = PBXFileReference; lastKnownFileType = file.storyboard; name = Base; path = Base.lproj/LaunchScreen.storyboard; sourceTree = "<group>"; };
		9B21FD5B241051CA006F7AED /* Info.plist */ = {isa = PBXFileReference; lastKnownFileType = text.plist.xml; path = Info.plist; sourceTree = "<group>"; };
		9B21FD60241051CA006F7AED /* C0769778_MidTerm_MAD3115W2020Tests.xctest */ = {isa = PBXFileReference; explicitFileType = wrapper.cfbundle; includeInIndex = 0; path = C0769778_MidTerm_MAD3115W2020Tests.xctest; sourceTree = BUILT_PRODUCTS_DIR; };
		9B21FD64241051CA006F7AED /* C0769778_MidTerm_MAD3115W2020Tests.swift */ = {isa = PBXFileReference; lastKnownFileType = sourcecode.swift; path = C0769778_MidTerm_MAD3115W2020Tests.swift; sourceTree = "<group>"; };
		9B21FD66241051CA006F7AED /* Info.plist */ = {isa = PBXFileReference; lastKnownFileType = text.plist.xml; path = Info.plist; sourceTree = "<group>"; };
		9B21FD6B241051CA006F7AED /* C0769778_MidTerm_MAD3115W2020UITests.xctest */ = {isa = PBXFileReference; explicitFileType = wrapper.cfbundle; includeInIndex = 0; path = C0769778_MidTerm_MAD3115W2020UITests.xctest; sourceTree = BUILT_PRODUCTS_DIR; };
		9B21FD6F241051CA006F7AED /* C0769778_MidTerm_MAD3115W2020UITests.swift */ = {isa = PBXFileReference; lastKnownFileType = sourcecode.swift; path = C0769778_MidTerm_MAD3115W2020UITests.swift; sourceTree = "<group>"; };
		9B21FD71241051CA006F7AED /* Info.plist */ = {isa = PBXFileReference; lastKnownFileType = text.plist.xml; path = Info.plist; sourceTree = "<group>"; };
		9B21FD8424105F3B006F7AED /* CustomerListTableViewController.swift */ = {isa = PBXFileReference; lastKnownFileType = sourcecode.swift; path = CustomerListTableViewController.swift; sourceTree = "<group>"; };
		9B5B5B302414670800D568E6 /* Extension+Date.swift */ = {isa = PBXFileReference; lastKnownFileType = sourcecode.swift; path = "Extension+Date.swift"; sourceTree = "<group>"; };
		9B79A2022416D788002FB908 /* ShowBillDetailsViewController.swift */ = {isa = PBXFileReference; lastKnownFileType = sourcecode.swift; name = ShowBillDetailsViewController.swift; path = ../ShowBillDetailsViewController.swift; sourceTree = "<group>"; };
		9B880BA72412EDF900715485 /* Exceptions.swift */ = {isa = PBXFileReference; lastKnownFileType = sourcecode.swift; path = Exceptions.swift; sourceTree = "<group>"; };
		9B880BD3241328C900715485 /* DetailedCustomerViewController.swift */ = {isa = PBXFileReference; lastKnownFileType = sourcecode.swift; path = DetailedCustomerViewController.swift; sourceTree = "<group>"; };
		9BBE15B124119E12003ECD32 /* Customer.swift */ = {isa = PBXFileReference; lastKnownFileType = sourcecode.swift; path = Customer.swift; sourceTree = "<group>"; };
		9BBE15B324119F5E003ECD32 /* DataRepository.swift */ = {isa = PBXFileReference; lastKnownFileType = sourcecode.swift; path = DataRepository.swift; sourceTree = "<group>"; };
		9BBE15B62411B04B003ECD32 /* AddNewCustomerViewController.swift */ = {isa = PBXFileReference; lastKnownFileType = sourcecode.swift; path = AddNewCustomerViewController.swift; sourceTree = "<group>"; };
		9BCF67522414562F00886E59 /* Bill.swift */ = {isa = PBXFileReference; lastKnownFileType = sourcecode.swift; path = Bill.swift; sourceTree = "<group>"; };
		9BCF6754241456BE00886E59 /* Mobile.swift */ = {isa = PBXFileReference; lastKnownFileType = sourcecode.swift; path = Mobile.swift; sourceTree = "<group>"; };
		9BCF67562414589E00886E59 /* Hydro.swift */ = {isa = PBXFileReference; lastKnownFileType = sourcecode.swift; path = Hydro.swift; sourceTree = "<group>"; };
		9BCF6758241458FE00886E59 /* Internet.swift */ = {isa = PBXFileReference; lastKnownFileType = sourcecode.swift; path = Internet.swift; sourceTree = "<group>"; };
		9BE2A7D0241716BE0083D83F /* Extension+UITextField.swift */ = {isa = PBXFileReference; lastKnownFileType = sourcecode.swift; path = "Extension+UITextField.swift"; sourceTree = "<group>"; };
/* End PBXFileReference section */

/* Begin PBXFrameworksBuildPhase section */
		9B21FD47241051C8006F7AED /* Frameworks */ = {
			isa = PBXFrameworksBuildPhase;
			buildActionMask = 2147483647;
			files = (
			);
			runOnlyForDeploymentPostprocessing = 0;
		};
		9B21FD5D241051CA006F7AED /* Frameworks */ = {
			isa = PBXFrameworksBuildPhase;
			buildActionMask = 2147483647;
			files = (
			);
			runOnlyForDeploymentPostprocessing = 0;
		};
		9B21FD68241051CA006F7AED /* Frameworks */ = {
			isa = PBXFrameworksBuildPhase;
			buildActionMask = 2147483647;
			files = (
			);
			runOnlyForDeploymentPostprocessing = 0;
		};
/* End PBXFrameworksBuildPhase section */

/* Begin PBXGroup section */
		9B21FD41241051C8006F7AED = {
			isa = PBXGroup;
			children = (
				9B21FD4C241051C8006F7AED /* C0769778_MidTerm_MAD3115W2020 */,
				9B21FD63241051CA006F7AED /* C0769778_MidTerm_MAD3115W2020Tests */,
				9B21FD6E241051CA006F7AED /* C0769778_MidTerm_MAD3115W2020UITests */,
				9B21FD4B241051C8006F7AED /* Products */,
			);
			sourceTree = "<group>";
		};
		9B21FD4B241051C8006F7AED /* Products */ = {
			isa = PBXGroup;
			children = (
				9B21FD4A241051C8006F7AED /* C0769778_MidTerm_MAD3115W2020.app */,
				9B21FD60241051CA006F7AED /* C0769778_MidTerm_MAD3115W2020Tests.xctest */,
				9B21FD6B241051CA006F7AED /* C0769778_MidTerm_MAD3115W2020UITests.xctest */,
			);
			name = Products;
			sourceTree = "<group>";
		};
		9B21FD4C241051C8006F7AED /* C0769778_MidTerm_MAD3115W2020 */ = {
			isa = PBXGroup;
			children = (
				9B8F54EC24143B2800F43D7A /* ViewControllers */,
				9B8F54EB24143B0300F43D7A /* Additional Classes */,
				9B8F54E924143AC700F43D7A /* Util */,
				9B21FD4D241051C8006F7AED /* AppDelegate.swift */,
				9BBE15B324119F5E003ECD32 /* DataRepository.swift */,
				9BBE15B124119E12003ECD32 /* Customer.swift */,
				9BCF67522414562F00886E59 /* Bill.swift */,
				9BCF67562414589E00886E59 /* Hydro.swift */,
				9BCF6758241458FE00886E59 /* Internet.swift */,
				9BCF6754241456BE00886E59 /* Mobile.swift */,
				9B21FD8424105F3B006F7AED /* CustomerListTableViewController.swift */,
				9BBE15B62411B04B003ECD32 /* AddNewCustomerViewController.swift */,
				9B880BD3241328C900715485 /* DetailedCustomerViewController.swift */,
				9B79A2022416D788002FB908 /* ShowBillDetailsViewController.swift */,
				9B880BA72412EDF900715485 /* Exceptions.swift */,
				9B21FD51241051C8006F7AED /* LoginViewController.swift */,
				9B21FD4F241051C8006F7AED /* SceneDelegate.swift */,
				9B21FD53241051C8006F7AED /* Main.storyboard */,
				9B21FD56241051CA006F7AED /* Assets.xcassets */,
				9B21FD58241051CA006F7AED /* LaunchScreen.storyboard */,
				9B21FD5B241051CA006F7AED /* Info.plist */,
				9B5B5B302414670800D568E6 /* Extension+Date.swift */,
				9BE2A7D0241716BE0083D83F /* Extension+UITextField.swift */,
			);
			path = C0769778_MidTerm_MAD3115W2020;
			sourceTree = "<group>";
		};
		9B21FD63241051CA006F7AED /* C0769778_MidTerm_MAD3115W2020Tests */ = {
			isa = PBXGroup;
			children = (
				9B21FD64241051CA006F7AED /* C0769778_MidTerm_MAD3115W2020Tests.swift */,
				9B21FD66241051CA006F7AED /* Info.plist */,
			);
			path = C0769778_MidTerm_MAD3115W2020Tests;
			sourceTree = "<group>";
		};
		9B21FD6E241051CA006F7AED /* C0769778_MidTerm_MAD3115W2020UITests */ = {
			isa = PBXGroup;
			children = (
				9B21FD6F241051CA006F7AED /* C0769778_MidTerm_MAD3115W2020UITests.swift */,
				9B21FD71241051CA006F7AED /* Info.plist */,
			);
			path = C0769778_MidTerm_MAD3115W2020UITests;
			sourceTree = "<group>";
		};
		9B8F54E924143AC700F43D7A /* Util */ = {
			isa = PBXGroup;
			children = (
			);
			path = Util;
			sourceTree = "<group>";
		};
		9B8F54EB24143B0300F43D7A /* Additional Classes */ = {
			isa = PBXGroup;
			children = (
			);
			path = "Additional Classes";
			sourceTree = "<group>";
		};
		9B8F54EC24143B2800F43D7A /* ViewControllers */ = {
			isa = PBXGroup;
			children = (
			);
			path = ViewControllers;
			sourceTree = "<group>";
		};
/* End PBXGroup section */

/* Begin PBXNativeTarget section */
		9B21FD49241051C8006F7AED /* C0769778_MidTerm_MAD3115W2020 */ = {
			isa = PBXNativeTarget;
			buildConfigurationList = 9B21FD74241051CA006F7AED /* Build configuration list for PBXNativeTarget "C0769778_MidTerm_MAD3115W2020" */;
			buildPhases = (
				9B21FD46241051C8006F7AED /* Sources */,
				9B21FD47241051C8006F7AED /* Frameworks */,
				9B21FD48241051C8006F7AED /* Resources */,
			);
			buildRules = (
			);
			dependencies = (
			);
			name = C0769778_MidTerm_MAD3115W2020;
			productName = C0769778_MidTerm_MAD3115W2020;
			productReference = 9B21FD4A241051C8006F7AED /* C0769778_MidTerm_MAD3115W2020.app */;
			productType = "com.apple.product-type.application";
		};
		9B21FD5F241051CA006F7AED /* C0769778_MidTerm_MAD3115W2020Tests */ = {
			isa = PBXNativeTarget;
			buildConfigurationList = 9B21FD77241051CA006F7AED /* Build configuration list for PBXNativeTarget "C0769778_MidTerm_MAD3115W2020Tests" */;
			buildPhases = (
				9B21FD5C241051CA006F7AED /* Sources */,
				9B21FD5D241051CA006F7AED /* Frameworks */,
				9B21FD5E241051CA006F7AED /* Resources */,
			);
			buildRules = (
			);
			dependencies = (
				9B21FD62241051CA006F7AED /* PBXTargetDependency */,
			);
			name = C0769778_MidTerm_MAD3115W2020Tests;
			productName = C0769778_MidTerm_MAD3115W2020Tests;
			productReference = 9B21FD60241051CA006F7AED /* C0769778_MidTerm_MAD3115W2020Tests.xctest */;
			productType = "com.apple.product-type.bundle.unit-test";
		};
		9B21FD6A241051CA006F7AED /* C0769778_MidTerm_MAD3115W2020UITests */ = {
			isa = PBXNativeTarget;
			buildConfigurationList = 9B21FD7A241051CA006F7AED /* Build configuration list for PBXNativeTarget "C0769778_MidTerm_MAD3115W2020UITests" */;
			buildPhases = (
				9B21FD67241051CA006F7AED /* Sources */,
				9B21FD68241051CA006F7AED /* Frameworks */,
				9B21FD69241051CA006F7AED /* Resources */,
			);
			buildRules = (
			);
			dependencies = (
				9B21FD6D241051CA006F7AED /* PBXTargetDependency */,
			);
			name = C0769778_MidTerm_MAD3115W2020UITests;
			productName = C0769778_MidTerm_MAD3115W2020UITests;
			productReference = 9B21FD6B241051CA006F7AED /* C0769778_MidTerm_MAD3115W2020UITests.xctest */;
			productType = "com.apple.product-type.bundle.ui-testing";
		};
/* End PBXNativeTarget section */

/* Begin PBXProject section */
		9B21FD42241051C8006F7AED /* Project object */ = {
			isa = PBXProject;
			attributes = {
				LastSwiftUpdateCheck = 1130;
				LastUpgradeCheck = 1130;
				ORGANIZATIONNAME = com.lambton;
				TargetAttributes = {
					9B21FD49241051C8006F7AED = {
						CreatedOnToolsVersion = 11.3;
					};
					9B21FD5F241051CA006F7AED = {
						CreatedOnToolsVersion = 11.3;
						TestTargetID = 9B21FD49241051C8006F7AED;
					};
					9B21FD6A241051CA006F7AED = {
						CreatedOnToolsVersion = 11.3;
						TestTargetID = 9B21FD49241051C8006F7AED;
					};
				};
			};
			buildConfigurationList = 9B21FD45241051C8006F7AED /* Build configuration list for PBXProject "C0769778_MidTerm_MAD3115W2020" */;
			compatibilityVersion = "Xcode 9.3";
			developmentRegion = en;
			hasScannedForEncodings = 0;
			knownRegions = (
				en,
				Base,
			);
			mainGroup = 9B21FD41241051C8006F7AED;
			productRefGroup = 9B21FD4B241051C8006F7AED /* Products */;
			projectDirPath = "";
			projectRoot = "";
			targets = (
				9B21FD49241051C8006F7AED /* C0769778_MidTerm_MAD3115W2020 */,
				9B21FD5F241051CA006F7AED /* C0769778_MidTerm_MAD3115W2020Tests */,
				9B21FD6A241051CA006F7AED /* C0769778_MidTerm_MAD3115W2020UITests */,
			);
		};
/* End PBXProject section */

/* Begin PBXResourcesBuildPhase section */
		9B21FD48241051C8006F7AED /* Resources */ = {
			isa = PBXResourcesBuildPhase;
			buildActionMask = 2147483647;
			files = (
				9B21FD5A241051CA006F7AED /* LaunchScreen.storyboard in Resources */,
				9B21FD57241051CA006F7AED /* Assets.xcassets in Resources */,
				9B21FD55241051C8006F7AED /* Main.storyboard in Resources */,
			);
			runOnlyForDeploymentPostprocessing = 0;
		};
		9B21FD5E241051CA006F7AED /* Resources */ = {
			isa = PBXResourcesBuildPhase;
			buildActionMask = 2147483647;
			files = (
			);
			runOnlyForDeploymentPostprocessing = 0;
		};
		9B21FD69241051CA006F7AED /* Resources */ = {
			isa = PBXResourcesBuildPhase;
			buildActionMask = 2147483647;
			files = (
			);
			runOnlyForDeploymentPostprocessing = 0;
		};
/* End PBXResourcesBuildPhase section */

/* Begin PBXSourcesBuildPhase section */
		9B21FD46241051C8006F7AED /* Sources */ = {
			isa = PBXSourcesBuildPhase;
			buildActionMask = 2147483647;
			files = (
				9B79A2032416D788002FB908 /* ShowBillDetailsViewController.swift in Sources */,
				9B880BD4241328C900715485 /* DetailedCustomerViewController.swift in Sources */,
				9BCF67532414562F00886E59 /* Bill.swift in Sources */,
				9BCF67572414589E00886E59 /* Hydro.swift in Sources */,
				9BCF6755241456BE00886E59 /* Mobile.swift in Sources */,
				9BE2A7D1241716BE0083D83F /* Extension+UITextField.swift in Sources */,
				9BBE15B72411B04B003ECD32 /* AddNewCustomerViewController.swift in Sources */,
				9B21FD8524105F3B006F7AED /* CustomerListTableViewController.swift in Sources */,
				9BBE15B224119E12003ECD32 /* Customer.swift in Sources */,
				9B21FD52241051C8006F7AED /* LoginViewController.swift in Sources */,
				9B5B5B312414670800D568E6 /* Extension+Date.swift in Sources */,
				9BBE15B424119F5E003ECD32 /* DataRepository.swift in Sources */,
				9BCF6759241458FE00886E59 /* Internet.swift in Sources */,
				9B880BA82412EDF900715485 /* Exceptions.swift in Sources */,
				9B21FD4E241051C8006F7AED /* AppDelegate.swift in Sources */,
				9B21FD50241051C8006F7AED /* SceneDelegate.swift in Sources */,
			);
			runOnlyForDeploymentPostprocessing = 0;
		};
		9B21FD5C241051CA006F7AED /* Sources */ = {
			isa = PBXSourcesBuildPhase;
			buildActionMask = 2147483647;
			files = (
				9B21FD65241051CA006F7AED /* C0769778_MidTerm_MAD3115W2020Tests.swift in Sources */,
			);
			runOnlyForDeploymentPostprocessing = 0;
		};
		9B21FD67241051CA006F7AED /* Sources */ = {
			isa = PBXSourcesBuildPhase;
			buildActionMask = 2147483647;
			files = (
				9B21FD70241051CA006F7AED /* C0769778_MidTerm_MAD3115W2020UITests.swift in Sources */,
			);
			runOnlyForDeploymentPostprocessing = 0;
		};
/* End PBXSourcesBuildPhase section */

/* Begin PBXTargetDependency section */
		9B21FD62241051CA006F7AED /* PBXTargetDependency */ = {
			isa = PBXTargetDependency;
			target = 9B21FD49241051C8006F7AED /* C0769778_MidTerm_MAD3115W2020 */;
			targetProxy = 9B21FD61241051CA006F7AED /* PBXContainerItemProxy */;
		};
		9B21FD6D241051CA006F7AED /* PBXTargetDependency */ = {
			isa = PBXTargetDependency;
			target = 9B21FD49241051C8006F7AED /* C0769778_MidTerm_MAD3115W2020 */;
			targetProxy = 9B21FD6C241051CA006F7AED /* PBXContainerItemProxy */;
		};
/* End PBXTargetDependency section */

/* Begin PBXVariantGroup section */
		9B21FD53241051C8006F7AED /* Main.storyboard */ = {
			isa = PBXVariantGroup;
			children = (
				9B21FD54241051C8006F7AED /* Base */,
			);
			name = Main.storyboard;
			sourceTree = "<group>";
		};
		9B21FD58241051CA006F7AED /* LaunchScreen.storyboard */ = {
			isa = PBXVariantGroup;
			children = (
				9B21FD59241051CA006F7AED /* Base */,
			);
			name = LaunchScreen.storyboard;
			sourceTree = "<group>";
		};
/* End PBXVariantGroup section */

/* Begin XCBuildConfiguration section */
		9B21FD72241051CA006F7AED /* Debug */ = {
			isa = XCBuildConfiguration;
			buildSettings = {
				ALWAYS_SEARCH_USER_PATHS = NO;
				CLANG_ANALYZER_NONNULL = YES;
				CLANG_ANALYZER_NUMBER_OBJECT_CONVERSION = YES_AGGRESSIVE;
				CLANG_CXX_LANGUAGE_STANDARD = "gnu++14";
				CLANG_CXX_LIBRARY = "libc++";
				CLANG_ENABLE_MODULES = YES;
				CLANG_ENABLE_OBJC_ARC = YES;
				CLANG_ENABLE_OBJC_WEAK = YES;
				CLANG_WARN_BLOCK_CAPTURE_AUTORELEASING = YES;
				CLANG_WARN_BOOL_CONVERSION = YES;
				CLANG_WARN_COMMA = YES;
				CLANG_WARN_CONSTANT_CONVERSION = YES;
				CLANG_WARN_DEPRECATED_OBJC_IMPLEMENTATIONS = YES;
				CLANG_WARN_DIRECT_OBJC_ISA_USAGE = YES_ERROR;
				CLANG_WARN_DOCUMENTATION_COMMENTS = YES;
				CLANG_WARN_EMPTY_BODY = YES;
				CLANG_WARN_ENUM_CONVERSION = YES;
				CLANG_WARN_INFINITE_RECURSION = YES;
				CLANG_WARN_INT_CONVERSION = YES;
				CLANG_WARN_NON_LITERAL_NULL_CONVERSION = YES;
				CLANG_WARN_OBJC_IMPLICIT_RETAIN_SELF = YES;
				CLANG_WARN_OBJC_LITERAL_CONVERSION = YES;
				CLANG_WARN_OBJC_ROOT_CLASS = YES_ERROR;
				CLANG_WARN_RANGE_LOOP_ANALYSIS = YES;
				CLANG_WARN_STRICT_PROTOTYPES = YES;
				CLANG_WARN_SUSPICIOUS_MOVE = YES;
				CLANG_WARN_UNGUARDED_AVAILABILITY = YES_AGGRESSIVE;
				CLANG_WARN_UNREACHABLE_CODE = YES;
				CLANG_WARN__DUPLICATE_METHOD_MATCH = YES;
				COPY_PHASE_STRIP = NO;
				DEBUG_INFORMATION_FORMAT = dwarf;
				ENABLE_STRICT_OBJC_MSGSEND = YES;
				ENABLE_TESTABILITY = YES;
				GCC_C_LANGUAGE_STANDARD = gnu11;
				GCC_DYNAMIC_NO_PIC = NO;
				GCC_NO_COMMON_BLOCKS = YES;
				GCC_OPTIMIZATION_LEVEL = 0;
				GCC_PREPROCESSOR_DEFINITIONS = (
					"DEBUG=1",
					"$(inherited)",
				);
				GCC_WARN_64_TO_32_BIT_CONVERSION = YES;
				GCC_WARN_ABOUT_RETURN_TYPE = YES_ERROR;
				GCC_WARN_UNDECLARED_SELECTOR = YES;
				GCC_WARN_UNINITIALIZED_AUTOS = YES_AGGRESSIVE;
				GCC_WARN_UNUSED_FUNCTION = YES;
				GCC_WARN_UNUSED_VARIABLE = YES;
				IPHONEOS_DEPLOYMENT_TARGET = 13.2;
				MTL_ENABLE_DEBUG_INFO = INCLUDE_SOURCE;
				MTL_FAST_MATH = YES;
				ONLY_ACTIVE_ARCH = YES;
				SDKROOT = iphoneos;
				SWIFT_ACTIVE_COMPILATION_CONDITIONS = DEBUG;
				SWIFT_OPTIMIZATION_LEVEL = "-Onone";
			};
			name = Debug;
		};
		9B21FD73241051CA006F7AED /* Release */ = {
			isa = XCBuildConfiguration;
			buildSettings = {
				ALWAYS_SEARCH_USER_PATHS = NO;
				CLANG_ANALYZER_NONNULL = YES;
				CLANG_ANALYZER_NUMBER_OBJECT_CONVERSION = YES_AGGRESSIVE;
				CLANG_CXX_LANGUAGE_STANDARD = "gnu++14";
				CLANG_CXX_LIBRARY = "libc++";
				CLANG_ENABLE_MODULES = YES;
				CLANG_ENABLE_OBJC_ARC = YES;
				CLANG_ENABLE_OBJC_WEAK = YES;
				CLANG_WARN_BLOCK_CAPTURE_AUTORELEASING = YES;
				CLANG_WARN_BOOL_CONVERSION = YES;
				CLANG_WARN_COMMA = YES;
				CLANG_WARN_CONSTANT_CONVERSION = YES;
				CLANG_WARN_DEPRECATED_OBJC_IMPLEMENTATIONS = YES;
				CLANG_WARN_DIRECT_OBJC_ISA_USAGE = YES_ERROR;
				CLANG_WARN_DOCUMENTATION_COMMENTS = YES;
				CLANG_WARN_EMPTY_BODY = YES;
				CLANG_WARN_ENUM_CONVERSION = YES;
				CLANG_WARN_INFINITE_RECURSION = YES;
				CLANG_WARN_INT_CONVERSION = YES;
				CLANG_WARN_NON_LITERAL_NULL_CONVERSION = YES;
				CLANG_WARN_OBJC_IMPLICIT_RETAIN_SELF = YES;
				CLANG_WARN_OBJC_LITERAL_CONVERSION = YES;
				CLANG_WARN_OBJC_ROOT_CLASS = YES_ERROR;
				CLANG_WARN_RANGE_LOOP_ANALYSIS = YES;
				CLANG_WARN_STRICT_PROTOTYPES = YES;
				CLANG_WARN_SUSPICIOUS_MOVE = YES;
				CLANG_WARN_UNGUARDED_AVAILABILITY = YES_AGGRESSIVE;
				CLANG_WARN_UNREACHABLE_CODE = YES;
				CLANG_WARN__DUPLICATE_METHOD_MATCH = YES;
				COPY_PHASE_STRIP = NO;
				DEBUG_INFORMATION_FORMAT = "dwarf-with-dsym";
				ENABLE_NS_ASSERTIONS = NO;
				ENABLE_STRICT_OBJC_MSGSEND = YES;
				GCC_C_LANGUAGE_STANDARD = gnu11;
				GCC_NO_COMMON_BLOCKS = YES;
				GCC_WARN_64_TO_32_BIT_CONVERSION = YES;
				GCC_WARN_ABOUT_RETURN_TYPE = YES_ERROR;
				GCC_WARN_UNDECLARED_SELECTOR = YES;
				GCC_WARN_UNINITIALIZED_AUTOS = YES_AGGRESSIVE;
				GCC_WARN_UNUSED_FUNCTION = YES;
				GCC_WARN_UNUSED_VARIABLE = YES;
				IPHONEOS_DEPLOYMENT_TARGET = 13.2;
				MTL_ENABLE_DEBUG_INFO = NO;
				MTL_FAST_MATH = YES;
				SDKROOT = iphoneos;
				SWIFT_COMPILATION_MODE = wholemodule;
				SWIFT_OPTIMIZATION_LEVEL = "-O";
				VALIDATE_PRODUCT = YES;
			};
			name = Release;
		};
		9B21FD75241051CA006F7AED /* Debug */ = {
			isa = XCBuildConfiguration;
			buildSettings = {
				ASSETCATALOG_COMPILER_APPICON_NAME = AppIcon;
				CODE_SIGN_STYLE = Automatic;
				INFOPLIST_FILE = C0769778_MidTerm_MAD3115W2020/Info.plist;
				LD_RUNPATH_SEARCH_PATHS = (
					"$(inherited)",
					"@executable_path/Frameworks",
				);
				PRODUCT_BUNDLE_IDENTIFIER = "CestarCollege.C0769778-MidTerm-MAD3115W2020";
				PRODUCT_NAME = "$(TARGET_NAME)";
				SWIFT_VERSION = 5.0;
				TARGETED_DEVICE_FAMILY = "1,2";
			};
			name = Debug;
		};
		9B21FD76241051CA006F7AED /* Release */ = {
			isa = XCBuildConfiguration;
			buildSettings = {
				ASSETCATALOG_COMPILER_APPICON_NAME = AppIcon;
				CODE_SIGN_STYLE = Automatic;
				INFOPLIST_FILE = C0769778_MidTerm_MAD3115W2020/Info.plist;
				LD_RUNPATH_SEARCH_PATHS = (
					"$(inherited)",
					"@executable_path/Frameworks",
				);
				PRODUCT_BUNDLE_IDENTIFIER = "CestarCollege.C0769778-MidTerm-MAD3115W2020";
				PRODUCT_NAME = "$(TARGET_NAME)";
				SWIFT_VERSION = 5.0;
				TARGETED_DEVICE_FAMILY = "1,2";
			};
			name = Release;
		};
		9B21FD78241051CA006F7AED /* Debug */ = {
			isa = XCBuildConfiguration;
			buildSettings = {
				ALWAYS_EMBED_SWIFT_STANDARD_LIBRARIES = YES;
				BUNDLE_LOADER = "$(TEST_HOST)";
				CODE_SIGN_STYLE = Automatic;
				INFOPLIST_FILE = C0769778_MidTerm_MAD3115W2020Tests/Info.plist;
				IPHONEOS_DEPLOYMENT_TARGET = 13.2;
				LD_RUNPATH_SEARCH_PATHS = (
					"$(inherited)",
					"@executable_path/Frameworks",
					"@loader_path/Frameworks",
				);
				PRODUCT_BUNDLE_IDENTIFIER = "CestarCollege.C0769778-MidTerm-MAD3115W2020Tests";
				PRODUCT_NAME = "$(TARGET_NAME)";
				SWIFT_VERSION = 5.0;
				TARGETED_DEVICE_FAMILY = "1,2";
				TEST_HOST = "$(BUILT_PRODUCTS_DIR)/C0769778_MidTerm_MAD3115W2020.app/C0769778_MidTerm_MAD3115W2020";
			};
			name = Debug;
		};
		9B21FD79241051CA006F7AED /* Release */ = {
			isa = XCBuildConfiguration;
			buildSettings = {
				ALWAYS_EMBED_SWIFT_STANDARD_LIBRARIES = YES;
				BUNDLE_LOADER = "$(TEST_HOST)";
				CODE_SIGN_STYLE = Automatic;
				INFOPLIST_FILE = C0769778_MidTerm_MAD3115W2020Tests/Info.plist;
				IPHONEOS_DEPLOYMENT_TARGET = 13.2;
				LD_RUNPATH_SEARCH_PATHS = (
					"$(inherited)",
					"@executable_path/Frameworks",
					"@loader_path/Frameworks",
				);
				PRODUCT_BUNDLE_IDENTIFIER = "CestarCollege.C0769778-MidTerm-MAD3115W2020Tests";
				PRODUCT_NAME = "$(TARGET_NAME)";
				SWIFT_VERSION = 5.0;
				TARGETED_DEVICE_FAMILY = "1,2";
				TEST_HOST = "$(BUILT_PRODUCTS_DIR)/C0769778_MidTerm_MAD3115W2020.app/C0769778_MidTerm_MAD3115W2020";
			};
			name = Release;
		};
		9B21FD7B241051CA006F7AED /* Debug */ = {
			isa = XCBuildConfiguration;
			buildSettings = {
				ALWAYS_EMBED_SWIFT_STANDARD_LIBRARIES = YES;
				CODE_SIGN_STYLE = Automatic;
				INFOPLIST_FILE = C0769778_MidTerm_MAD3115W2020UITests/Info.plist;
				LD_RUNPATH_SEARCH_PATHS = (
					"$(inherited)",
					"@executable_path/Frameworks",
					"@loader_path/Frameworks",
				);
				PRODUCT_BUNDLE_IDENTIFIER = "CestarCollege.C0769778-MidTerm-MAD3115W2020UITests";
				PRODUCT_NAME = "$(TARGET_NAME)";
				SWIFT_VERSION = 5.0;
				TARGETED_DEVICE_FAMILY = "1,2";
				TEST_TARGET_NAME = C0769778_MidTerm_MAD3115W2020;
			};
			name = Debug;
		};
		9B21FD7C241051CA006F7AED /* Release */ = {
			isa = XCBuildConfiguration;
			buildSettings = {
				ALWAYS_EMBED_SWIFT_STANDARD_LIBRARIES = YES;
				CODE_SIGN_STYLE = Automatic;
				INFOPLIST_FILE = C0769778_MidTerm_MAD3115W2020UITests/Info.plist;
				LD_RUNPATH_SEARCH_PATHS = (
					"$(inherited)",
					"@executable_path/Frameworks",
					"@loader_path/Frameworks",
				);
				PRODUCT_BUNDLE_IDENTIFIER = "CestarCollege.C0769778-MidTerm-MAD3115W2020UITests";
				PRODUCT_NAME = "$(TARGET_NAME)";
				SWIFT_VERSION = 5.0;
				TARGETED_DEVICE_FAMILY = "1,2";
				TEST_TARGET_NAME = C0769778_MidTerm_MAD3115W2020;
			};
			name = Release;
		};
/* End XCBuildConfiguration section */

/* Begin XCConfigurationList section */
		9B21FD45241051C8006F7AED /* Build configuration list for PBXProject "C0769778_MidTerm_MAD3115W2020" */ = {
			isa = XCConfigurationList;
			buildConfigurations = (
				9B21FD72241051CA006F7AED /* Debug */,
				9B21FD73241051CA006F7AED /* Release */,
			);
			defaultConfigurationIsVisible = 0;
			defaultConfigurationName = Release;
		};
		9B21FD74241051CA006F7AED /* Build configuration list for PBXNativeTarget "C0769778_MidTerm_MAD3115W2020" */ = {
			isa = XCConfigurationList;
			buildConfigurations = (
				9B21FD75241051CA006F7AED /* Debug */,
				9B21FD76241051CA006F7AED /* Release */,
			);
			defaultConfigurationIsVisible = 0;
			defaultConfigurationName = Release;
		};
		9B21FD77241051CA006F7AED /* Build configuration list for PBXNativeTarget "C0769778_MidTerm_MAD3115W2020Tests" */ = {
			isa = XCConfigurationList;
			buildConfigurations = (
				9B21FD78241051CA006F7AED /* Debug */,
				9B21FD79241051CA006F7AED /* Release */,
			);
			defaultConfigurationIsVisible = 0;
			defaultConfigurationName = Release;
		};
		9B21FD7A241051CA006F7AED /* Build configuration list for PBXNativeTarget "C0769778_MidTerm_MAD3115W2020UITests" */ = {
			isa = XCConfigurationList;
			buildConfigurations = (
				9B21FD7B241051CA006F7AED /* Debug */,
				9B21FD7C241051CA006F7AED /* Release */,
			);
			defaultConfigurationIsVisible = 0;
			defaultConfigurationName = Release;
		};
/* End XCConfigurationList section */
	};
	rootObject = 9B21FD42241051C8006F7AED /* Project object */;
}
